// !$*UTF8*$!
{
	archiveVersion = 1;
	classes = {
	};
	objectVersion = 77;
	objects = {

/* Begin PBXBuildFile section */
		A9000001AAAAAAAA00000001 /* AppSettings.swift in Sources */ = {isa = PBXBuildFile; fileRef = A9100001AAAAAAAA00000001 /* AppSettings.swift */; };
		A9000002AAAAAAAA00000001 /* AudioButton.swift in Sources */ = {isa = PBXBuildFile; fileRef = A9100002AAAAAAAA00000001 /* AudioButton.swift */; };
		A9000003AAAAAAAA00000001 /* AudioService.swift in Sources */ = {isa = PBXBuildFile; fileRef = A9100003AAAAAAAA00000001 /* AudioService.swift */; };
		A9000004AAAAAAAA00000001 /* CalibrationCoordinator.swift in Sources */ = {isa = PBXBuildFile; fileRef = A9100004AAAAAAAA00000001 /* CalibrationCoordinator.swift */; };
		A9000005AAAAAAAA00000001 /* CalibrationData.swift in Sources */ = {isa = PBXBuildFile; fileRef = A9100005AAAAAAAA00000001 /* CalibrationData.swift */; };
		A9000006AAAAAAAA00000001 /* CalibrationFlowView.swift in Sources */ = {isa = PBXBuildFile; fileRef = A9100006AAAAAAAA00000001 /* CalibrationFlowView.swift */; };
		A9000007AAAAAAAA00000001 /* CalibrationPrepareView.swift in Sources */ = {isa = PBXBuildFile; fileRef = A9100007AAAAAAAA00000001 /* CalibrationPrepareView.swift */; };
		A9000008AAAAAAAA00000001 /* CalibrationQuestionGenerator.swift in Sources */ = {isa = PBXBuildFile; fileRef = A9100008AAAAAAAA00000001 /* CalibrationQuestionGenerator.swift */; };
		A9000009AAAAAAAA00000001 /* CalibrationQuestionView.swift in Sources */ = {isa = PBXBuildFile; fileRef = A9100009AAAAAAAA00000001 /* CalibrationQuestionView.swift */; };
		A900000AAAAAAAAA00000001 /* ContentView.swift in Sources */ = {isa = PBXBuildFile; fileRef = A910000AAAAAAAAA00000001 /* ContentView.swift */; };
		A900000BAAAAAAAA00000001 /* CreatePlayerView.swift in Sources */ = {isa = PBXBuildFile; fileRef = A910000BAAAAAAAA00000001 /* CreatePlayerView.swift */; };
		A900000CAAAAAAAA00000001 /* FaceTrackingService.swift in Sources */ = {isa = PBXBuildFile; fileRef = A910000CAAAAAAAA00000001 /* FaceTrackingService.swift */; };
		A900000DAAAAAAAA00000001 /* GameQuestionGenerator.swift in Sources */ = {isa = PBXBuildFile; fileRef = A910000DAAAAAAAA00000001 /* GameQuestionGenerator.swift */; };
		A900000EAAAAAAAA00000001 /* GameSession.swift in Sources */ = {isa = PBXBuildFile; fileRef = A910000EAAAAAAAA00000001 /* GameSession.swift */; };
		A900000FAAAAAAAA00000001 /* GameSessionView.swift in Sources */ = {isa = PBXBuildFile; fileRef = A910000FAAAAAAAA00000001 /* GameSessionView.swift */; };
		A9000010AAAAAAAA00000001 /* GameVerdictView.swift in Sources */ = {isa = PBXBuildFile; fileRef = A9100010AAAAAAAA00000001 /* GameVerdictView.swift */; };
		A9000011AAAAAAAA00000001 /* HotSeatFlowView.swift in Sources */ = {isa = PBXBuildFile; fileRef = A9100011AAAAAAAA00000001 /* HotSeatFlowView.swift */; };
		A9000012AAAAAAAA00000001 /* HotSeatGameView.swift in Sources */ = {isa = PBXBuildFile; fileRef = A9100012AAAAAAAA00000001 /* HotSeatGameView.swift */; };
		A9000013AAAAAAAA00000001 /* HotSeatResultsViews.swift in Sources */ = {isa = PBXBuildFile; fileRef = A9100013AAAAAAAA00000001 /* HotSeatResultsViews.swift */; };
		A9000014AAAAAAAA00000001 /* HotSeatSession.swift in Sources */ = {isa = PBXBuildFile; fileRef = A9100014AAAAAAAA00000001 /* HotSeatSession.swift */; };
		A9000015AAAAAAAA00000001 /* lie_detectApp.swift in Sources */ = {isa = PBXBuildFile; fileRef = A9100015AAAAAAAA00000001 /* lie_detectApp.swift */; };
		A9000016AAAAAAAA00000001 /* LocalizationManager.swift in Sources */ = {isa = PBXBuildFile; fileRef = A9100016AAAAAAAA00000001 /* LocalizationManager.swift */; };
		A9000017AAAAAAAA00000001 /* MainMenuView.swift in Sources */ = {isa = PBXBuildFile; fileRef = A9100017AAAAAAAA00000001 /* MainMenuView.swift */; };
		A9000018AAAAAAAA00000001 /* PlayAloneFlowView.swift in Sources */ = {isa = PBXBuildFile; fileRef = A9100018AAAAAAAA00000001 /* PlayAloneFlowView.swift */; };
		A9000019AAAAAAAA00000001 /* Player.swift in Sources */ = {isa = PBXBuildFile; fileRef = A9100019AAAAAAAA00000001 /* Player.swift */; };
		A900001AAAAAAAAA00000001 /* PlayerDetailView.swift in Sources */ = {isa = PBXBuildFile; fileRef = A910001AAAAAAAAA00000001 /* PlayerDetailView.swift */; };
		A900001BAAAAAAAA00000001 /* PlayersListView.swift in Sources */ = {isa = PBXBuildFile; fileRef = A910001BAAAAAAAA00000001 /* PlayersListView.swift */; };
		A900001CAAAAAAAA00000001 /* PrepareView.swift in Sources */ = {isa = PBXBuildFile; fileRef = A910001CAAAAAAAA00000001 /* PrepareView.swift */; };
		A900001DAAAAAAAA00000001 /* SpeechRecognitionService.swift in Sources */ = {isa = PBXBuildFile; fileRef = A910001DAAAAAAAA00000001 /* SpeechRecognitionService.swift */; };
		A900001EAAAAAAAA00000001 /* VerdictRevealView.swift in Sources */ = {isa = PBXBuildFile; fileRef = A910001EAAAAAAAA00000001 /* VerdictRevealView.swift */; };
		A900001FAAAAAAAA00000001 /* OnboardingView.swift in Sources */ = {isa = PBXBuildFile; fileRef = A910001FAAAAAAAA00000001 /* OnboardingView.swift */; };
		A9000030AAAAAAAA00000001 /* QuestionPack.swift in Sources */ = {isa = PBXBuildFile; fileRef = A9100030AAAAAAAA00000001 /* QuestionPack.swift */; };
		A9000031AAAAAAAA00000001 /* QuestionPackManager.swift in Sources */ = {isa = PBXBuildFile; fileRef = A9100031AAAAAAAA00000001 /* QuestionPackManager.swift */; };
		A9000032AAAAAAAA00000001 /* GameSetupViews.swift in Sources */ = {isa = PBXBuildFile; fileRef = A9100032AAAAAAAA00000001 /* GameSetupViews.swift */; };
		A9000033AAAAAAAA00000001 /* ManualQuestionSelectionView.swift in Sources */ = {isa = PBXBuildFile; fileRef = A9100033AAAAAAAA00000001 /* ManualQuestionSelectionView.swift */; };
		A9000034AAAAAAAA00000001 /* packs.json in Resources */ = {isa = PBXBuildFile; fileRef = A9100034AAAAAAAA00000001 /* packs.json */; };
		A9000020AAAAAAAA00000001 /* Assets.xcassets in Resources */ = {isa = PBXBuildFile; fileRef = A9100020AAAAAAAA00000001 /* Assets.xcassets */; };
		A9000021AAAAAAAA00000001 /* Localizable.strings in Resources */ = {isa = PBXBuildFile; fileRef = A9100021AAAAAAAA00000001 /* Localizable.strings */; };
		D02D412B2EE8E1C2005AE746 /* ding.mp3 in Resources */ = {isa = PBXBuildFile; fileRef = D02D41102EE8E1C2005AE746 /* ding.mp3 */; };
		D02D412C2EE8E1C2005AE746 /* voice_verdict_intro_en.mp3 in Resources */ = {isa = PBXBuildFile; fileRef = D02D41232EE8E1C2005AE746 /* voice_verdict_intro_en.mp3 */; };
		D02D412D2EE8E1C2005AE746 /* error.mp3 in Resources */ = {isa = PBXBuildFile; fileRef = D02D41112EE8E1C2005AE746 /* error.mp3 */; };
		D02D412E2EE8E1C2005AE746 /* voice_countdown_2_pl.mp3 in Resources */ = {isa = PBXBuildFile; fileRef = D02D411E2EE8E1C2005AE746 /* voice_countdown_2_pl.mp3 */; };
		D02D412F2EE8E1C2005AE746 /* reveal.mp3 in Resources */ = {isa = PBXBuildFile; fileRef = D02D41132EE8E1C2005AE746 /* reveal.mp3 */; };
		D02D41302EE8E1C2005AE746 /* pop.mp3 in Resources */ = {isa = PBXBuildFile; fileRef = D02D41122EE8E1C2005AE746 /* pop.mp3 */; };
		D02D41312EE8E1C2005AE746 /* calm_calibration.mp3 in Resources */ = {isa = PBXBuildFile; fileRef = D02D410E2EE8E1C2005AE746 /* calm_calibration.mp3 */; };
		D02D41322EE8E1C2005AE746 /* voice_countdown_go_pl.mp3 in Resources */ = {isa = PBXBuildFile; fileRef = D02D41222EE8E1C2005AE746 /* voice_countdown_go_pl.mp3 */; };
		D02D41332EE8E1C2005AE746 /* ambient_menu.mp3 in Resources */ = {isa = PBXBuildFile; fileRef = D02D410C2EE8E1C2005AE746 /* ambient_menu.mp3 */; };
		D02D41342EE8E1C2005AE746 /* countdown.mp3 in Resources */ = {isa = PBXBuildFile; fileRef = D02D410F2EE8E1C2005AE746 /* countdown.mp3 */; };
		D02D41352EE8E1C2005AE746 /* voice_verdict_intro_pl.mp3 in Resources */ = {isa = PBXBuildFile; fileRef = D02D41242EE8E1C2005AE746 /* voice_verdict_intro_pl.mp3 */; };
		D02D41362EE8E1C2005AE746 /* voice_countdown_3_en.mp3 in Resources */ = {isa = PBXBuildFile; fileRef = D02D411F2EE8E1C2005AE746 /* voice_countdown_3_en.mp3 */; };
		D02D41372EE8E1C2005AE746 /* tick.mp3 in Resources */ = {isa = PBXBuildFile; fileRef = D02D41182EE8E1C2005AE746 /* tick.mp3 */; };
		D02D41382EE8E1C2005AE746 /* voice_verdict_suspicious_en.mp3 in Resources */ = {isa = PBXBuildFile; fileRef = D02D41252EE8E1C2005AE746 /* voice_verdict_suspicious_en.mp3 */; };
		D02D41392EE8E1C2005AE746 /* voice_countdown_1_pl.mp3 in Resources */ = {isa = PBXBuildFile; fileRef = D02D411C2EE8E1C2005AE746 /* voice_countdown_1_pl.mp3 */; };
		D02D413A2EE8E1C2005AE746 /* voice_countdown_go_en.mp3 in Resources */ = {isa = PBXBuildFile; fileRef = D02D41212EE8E1C2005AE746 /* voice_countdown_go_en.mp3 */; };
		D02D413B2EE8E1C2005AE746 /* suspicious.mp3 in Resources */ = {isa = PBXBuildFile; fileRef = D02D41172EE8E1C2005AE746 /* suspicious.mp3 */; };
		D02D413C2EE8E1C2005AE746 /* warning.mp3 in Resources */ = {isa = PBXBuildFile; fileRef = D02D41292EE8E1C2005AE746 /* warning.mp3 */; };
		D02D413D2EE8E1C2005AE746 /* voice_countdown_2_en.mp3 in Resources */ = {isa = PBXBuildFile; fileRef = D02D411D2EE8E1C2005AE746 /* voice_countdown_2_en.mp3 */; };
		D02D413E2EE8E1C2005AE746 /* voice_verdict_suspicious_pl.mp3 in Resources */ = {isa = PBXBuildFile; fileRef = D02D41262EE8E1C2005AE746 /* voice_verdict_suspicious_pl.mp3 */; };
		D02D413F2EE8E1C2005AE746 /* suspense_game.mp3 in Resources */ = {isa = PBXBuildFile; fileRef = D02D41162EE8E1C2005AE746 /* suspense_game.mp3 */; };
		D02D41402EE8E1C2005AE746 /* whoosh.mp3 in Resources */ = {isa = PBXBuildFile; fileRef = D02D412A2EE8E1C2005AE746 /* whoosh.mp3 */; };
		D02D41412EE8E1C2005AE746 /* suspense.mp3 in Resources */ = {isa = PBXBuildFile; fileRef = D02D41152EE8E1C2005AE746 /* suspense.mp3 */; };
		D02D41422EE8E1C2005AE746 /* voice_verdict_truth_pl.mp3 in Resources */ = {isa = PBXBuildFile; fileRef = D02D41282EE8E1C2005AE746 /* voice_verdict_truth_pl.mp3 */; };
		D02D41432EE8E1C2005AE746 /* voice_countdown_3_pl.mp3 in Resources */ = {isa = PBXBuildFile; fileRef = D02D41202EE8E1C2005AE746 /* voice_countdown_3_pl.mp3 */; };
		D02D41442EE8E1C2005AE746 /* button_tap.mp3 in Resources */ = {isa = PBXBuildFile; fileRef = D02D410D2EE8E1C2005AE746 /* button_tap.mp3 */; };
		D02D41452EE8E1C2005AE746 /* success.mp3 in Resources */ = {isa = PBXBuildFile; fileRef = D02D41142EE8E1C2005AE746 /* success.mp3 */; };
		D02D41462EE8E1C2005AE746 /* voice_verdict_truth_en.mp3 in Resources */ = {isa = PBXBuildFile; fileRef = D02D41272EE8E1C2005AE746 /* voice_verdict_truth_en.mp3 */; };
		D02D41472EE8E1C2005AE746 /* voice_countdown_1_en.mp3 in Resources */ = {isa = PBXBuildFile; fileRef = D02D411B2EE8E1C2005AE746 /* voice_countdown_1_en.mp3 */; };
		D02D41482EE8E1C2005AE746 /* truthful.mp3 in Resources */ = {isa = PBXBuildFile; fileRef = D02D41192EE8E1C2005AE746 /* truthful.mp3 */; };
		D02D41492EE8E1C2005AE746 /* victory.mp3 in Resources */ = {isa = PBXBuildFile; fileRef = D02D411A2EE8E1C2005AE746 /* victory.mp3 */; };
/* End PBXBuildFile section */

/* Begin PBXFileReference section */
		A9100001AAAAAAAA00000001 /* AppSettings.swift */ = {isa = PBXFileReference; lastKnownFileType = sourcecode.swift; path = AppSettings.swift; sourceTree = "<group>"; };
		A9100002AAAAAAAA00000001 /* AudioButton.swift */ = {isa = PBXFileReference; lastKnownFileType = sourcecode.swift; path = AudioButton.swift; sourceTree = "<group>"; };
		A9100003AAAAAAAA00000001 /* AudioService.swift */ = {isa = PBXFileReference; lastKnownFileType = sourcecode.swift; path = AudioService.swift; sourceTree = "<group>"; };
		A9100004AAAAAAAA00000001 /* CalibrationCoordinator.swift */ = {isa = PBXFileReference; lastKnownFileType = sourcecode.swift; path = CalibrationCoordinator.swift; sourceTree = "<group>"; };
		A9100005AAAAAAAA00000001 /* CalibrationData.swift */ = {isa = PBXFileReference; lastKnownFileType = sourcecode.swift; path = CalibrationData.swift; sourceTree = "<group>"; };
		A9100006AAAAAAAA00000001 /* CalibrationFlowView.swift */ = {isa = PBXFileReference; lastKnownFileType = sourcecode.swift; path = CalibrationFlowView.swift; sourceTree = "<group>"; };
		A9100007AAAAAAAA00000001 /* CalibrationPrepareView.swift */ = {isa = PBXFileReference; lastKnownFileType = sourcecode.swift; path = CalibrationPrepareView.swift; sourceTree = "<group>"; };
		A9100008AAAAAAAA00000001 /* CalibrationQuestionGenerator.swift */ = {isa = PBXFileReference; lastKnownFileType = sourcecode.swift; path = CalibrationQuestionGenerator.swift; sourceTree = "<group>"; };
		A9100009AAAAAAAA00000001 /* CalibrationQuestionView.swift */ = {isa = PBXFileReference; lastKnownFileType = sourcecode.swift; path = CalibrationQuestionView.swift; sourceTree = "<group>"; };
		A910000AAAAAAAAA00000001 /* ContentView.swift */ = {isa = PBXFileReference; lastKnownFileType = sourcecode.swift; path = ContentView.swift; sourceTree = "<group>"; };
		A910000BAAAAAAAA00000001 /* CreatePlayerView.swift */ = {isa = PBXFileReference; lastKnownFileType = sourcecode.swift; path = CreatePlayerView.swift; sourceTree = "<group>"; };
		A910000CAAAAAAAA00000001 /* FaceTrackingService.swift */ = {isa = PBXFileReference; lastKnownFileType = sourcecode.swift; path = FaceTrackingService.swift; sourceTree = "<group>"; };
		A910000DAAAAAAAA00000001 /* GameQuestionGenerator.swift */ = {isa = PBXFileReference; lastKnownFileType = sourcecode.swift; path = GameQuestionGenerator.swift; sourceTree = "<group>"; };
		A910000EAAAAAAAA00000001 /* GameSession.swift */ = {isa = PBXFileReference; lastKnownFileType = sourcecode.swift; path = GameSession.swift; sourceTree = "<group>"; };
		A910000FAAAAAAAA00000001 /* GameSessionView.swift */ = {isa = PBXFileReference; lastKnownFileType = sourcecode.swift; path = GameSessionView.swift; sourceTree = "<group>"; };
		A9100010AAAAAAAA00000001 /* GameVerdictView.swift */ = {isa = PBXFileReference; lastKnownFileType = sourcecode.swift; path = GameVerdictView.swift; sourceTree = "<group>"; };
		A9100011AAAAAAAA00000001 /* HotSeatFlowView.swift */ = {isa = PBXFileReference; lastKnownFileType = sourcecode.swift; path = HotSeatFlowView.swift; sourceTree = "<group>"; };
		A9100012AAAAAAAA00000001 /* HotSeatGameView.swift */ = {isa = PBXFileReference; lastKnownFileType = sourcecode.swift; path = HotSeatGameView.swift; sourceTree = "<group>"; };
		A9100013AAAAAAAA00000001 /* HotSeatResultsViews.swift */ = {isa = PBXFileReference; lastKnownFileType = sourcecode.swift; path = HotSeatResultsViews.swift; sourceTree = "<group>"; };
		A9100014AAAAAAAA00000001 /* HotSeatSession.swift */ = {isa = PBXFileReference; lastKnownFileType = sourcecode.swift; path = HotSeatSession.swift; sourceTree = "<group>"; };
		A9100015AAAAAAAA00000001 /* lie_detectApp.swift */ = {isa = PBXFileReference; lastKnownFileType = sourcecode.swift; path = lie_detectApp.swift; sourceTree = "<group>"; };
		A9100016AAAAAAAA00000001 /* LocalizationManager.swift */ = {isa = PBXFileReference; lastKnownFileType = sourcecode.swift; path = LocalizationManager.swift; sourceTree = "<group>"; };
		A9100017AAAAAAAA00000001 /* MainMenuView.swift */ = {isa = PBXFileReference; lastKnownFileType = sourcecode.swift; path = MainMenuView.swift; sourceTree = "<group>"; };
		A9100018AAAAAAAA00000001 /* PlayAloneFlowView.swift */ = {isa = PBXFileReference; lastKnownFileType = sourcecode.swift; path = PlayAloneFlowView.swift; sourceTree = "<group>"; };
		A9100019AAAAAAAA00000001 /* Player.swift */ = {isa = PBXFileReference; lastKnownFileType = sourcecode.swift; path = Player.swift; sourceTree = "<group>"; };
		A910001AAAAAAAAA00000001 /* PlayerDetailView.swift */ = {isa = PBXFileReference; lastKnownFileType = sourcecode.swift; path = PlayerDetailView.swift; sourceTree = "<group>"; };
		A910001BAAAAAAAA00000001 /* PlayersListView.swift */ = {isa = PBXFileReference; lastKnownFileType = sourcecode.swift; path = PlayersListView.swift; sourceTree = "<group>"; };
		A910001CAAAAAAAA00000001 /* PrepareView.swift */ = {isa = PBXFileReference; lastKnownFileType = sourcecode.swift; path = PrepareView.swift; sourceTree = "<group>"; };
		A910001DAAAAAAAA00000001 /* SpeechRecognitionService.swift */ = {isa = PBXFileReference; lastKnownFileType = sourcecode.swift; path = SpeechRecognitionService.swift; sourceTree = "<group>"; };
		A910001EAAAAAAAA00000001 /* VerdictRevealView.swift */ = {isa = PBXFileReference; lastKnownFileType = sourcecode.swift; path = VerdictRevealView.swift; sourceTree = "<group>"; };
		A910001FAAAAAAAA00000001 /* OnboardingView.swift */ = {isa = PBXFileReference; lastKnownFileType = sourcecode.swift; path = OnboardingView.swift; sourceTree = "<group>"; };
		A9100030AAAAAAAA00000001 /* QuestionPack.swift */ = {isa = PBXFileReference; lastKnownFileType = sourcecode.swift; path = QuestionPack.swift; sourceTree = "<group>"; };
		A9100031AAAAAAAA00000001 /* QuestionPackManager.swift */ = {isa = PBXFileReference; lastKnownFileType = sourcecode.swift; path = QuestionPackManager.swift; sourceTree = "<group>"; };
		A9100032AAAAAAAA00000001 /* GameSetupViews.swift */ = {isa = PBXFileReference; lastKnownFileType = sourcecode.swift; path = GameSetupViews.swift; sourceTree = "<group>"; };
		A9100033AAAAAAAA00000001 /* ManualQuestionSelectionView.swift */ = {isa = PBXFileReference; lastKnownFileType = sourcecode.swift; path = ManualQuestionSelectionView.swift; sourceTree = "<group>"; };
		A9100034AAAAAAAA00000001 /* packs.json */ = {isa = PBXFileReference; lastKnownFileType = text.json; path = packs.json; sourceTree = "<group>"; };
		A9100020AAAAAAAA00000001 /* Assets.xcassets */ = {isa = PBXFileReference; lastKnownFileType = folder.assetcatalog; path = Assets.xcassets; sourceTree = "<group>"; };
		A9100026AAAAAAAA00000001 /* en */ = {isa = PBXFileReference; lastKnownFileType = text.plist.strings; name = en; path = en.lproj/Localizable.strings; sourceTree = "<group>"; };
		A9100025AAAAAAAA00000001 /* pl */ = {isa = PBXFileReference; lastKnownFileType = text.plist.strings; name = pl; path = pl.lproj/Localizable.strings; sourceTree = "<group>"; };
		A9100023AAAAAAAA00000001 /* ARCHITECTURE.md */ = {isa = PBXFileReference; lastKnownFileType = net.daringfireball.markdown; path = ARCHITECTURE.md; sourceTree = "<group>"; };
		A9100024AAAAAAAA00000001 /* README.md */ = {isa = PBXFileReference; lastKnownFileType = net.daringfireball.markdown; path = README.md; sourceTree = "<group>"; };
		A931A5062EE861AD00541F65 /* lie-detect.app */ = {isa = PBXFileReference; explicitFileType = wrapper.application; includeInIndex = 0; path = "lie-detect.app"; sourceTree = BUILT_PRODUCTS_DIR; };
		D02D410C2EE8E1C2005AE746 /* ambient_menu.mp3 */ = {isa = PBXFileReference; lastKnownFileType = audio.mp3; path = ambient_menu.mp3; sourceTree = "<group>"; };
		D02D410D2EE8E1C2005AE746 /* button_tap.mp3 */ = {isa = PBXFileReference; lastKnownFileType = audio.mp3; path = button_tap.mp3; sourceTree = "<group>"; };
		D02D410E2EE8E1C2005AE746 /* calm_calibration.mp3 */ = {isa = PBXFileReference; lastKnownFileType = audio.mp3; path = calm_calibration.mp3; sourceTree = "<group>"; };
		D02D410F2EE8E1C2005AE746 /* countdown.mp3 */ = {isa = PBXFileReference; lastKnownFileType = audio.mp3; path = countdown.mp3; sourceTree = "<group>"; };
		D02D41102EE8E1C2005AE746 /* ding.mp3 */ = {isa = PBXFileReference; lastKnownFileType = audio.mp3; path = ding.mp3; sourceTree = "<group>"; };
		D02D41112EE8E1C2005AE746 /* error.mp3 */ = {isa = PBXFileReference; lastKnownFileType = audio.mp3; path = error.mp3; sourceTree = "<group>"; };
		D02D41122EE8E1C2005AE746 /* pop.mp3 */ = {isa = PBXFileReference; lastKnownFileType = audio.mp3; path = pop.mp3; sourceTree = "<group>"; };
		D02D41132EE8E1C2005AE746 /* reveal.mp3 */ = {isa = PBXFileReference; lastKnownFileType = audio.mp3; path = reveal.mp3; sourceTree = "<group>"; };
		D02D41142EE8E1C2005AE746 /* success.mp3 */ = {isa = PBXFileReference; lastKnownFileType = audio.mp3; path = success.mp3; sourceTree = "<group>"; };
		D02D41152EE8E1C2005AE746 /* suspense.mp3 */ = {isa = PBXFileReference; lastKnownFileType = audio.mp3; path = suspense.mp3; sourceTree = "<group>"; };
		D02D41162EE8E1C2005AE746 /* suspense_game.mp3 */ = {isa = PBXFileReference; lastKnownFileType = audio.mp3; path = suspense_game.mp3; sourceTree = "<group>"; };
		D02D41172EE8E1C2005AE746 /* suspicious.mp3 */ = {isa = PBXFileReference; lastKnownFileType = audio.mp3; path = suspicious.mp3; sourceTree = "<group>"; };
		D02D41182EE8E1C2005AE746 /* tick.mp3 */ = {isa = PBXFileReference; lastKnownFileType = audio.mp3; path = tick.mp3; sourceTree = "<group>"; };
		D02D41192EE8E1C2005AE746 /* truthful.mp3 */ = {isa = PBXFileReference; lastKnownFileType = audio.mp3; path = truthful.mp3; sourceTree = "<group>"; };
		D02D411A2EE8E1C2005AE746 /* victory.mp3 */ = {isa = PBXFileReference; lastKnownFileType = audio.mp3; path = victory.mp3; sourceTree = "<group>"; };
		D02D411B2EE8E1C2005AE746 /* voice_countdown_1_en.mp3 */ = {isa = PBXFileReference; lastKnownFileType = audio.mp3; path = voice_countdown_1_en.mp3; sourceTree = "<group>"; };
		D02D411C2EE8E1C2005AE746 /* voice_countdown_1_pl.mp3 */ = {isa = PBXFileReference; lastKnownFileType = audio.mp3; path = voice_countdown_1_pl.mp3; sourceTree = "<group>"; };
		D02D411D2EE8E1C2005AE746 /* voice_countdown_2_en.mp3 */ = {isa = PBXFileReference; lastKnownFileType = audio.mp3; path = voice_countdown_2_en.mp3; sourceTree = "<group>"; };
		D02D411E2EE8E1C2005AE746 /* voice_countdown_2_pl.mp3 */ = {isa = PBXFileReference; lastKnownFileType = audio.mp3; path = voice_countdown_2_pl.mp3; sourceTree = "<group>"; };
		D02D411F2EE8E1C2005AE746 /* voice_countdown_3_en.mp3 */ = {isa = PBXFileReference; lastKnownFileType = audio.mp3; path = voice_countdown_3_en.mp3; sourceTree = "<group>"; };
		D02D41202EE8E1C2005AE746 /* voice_countdown_3_pl.mp3 */ = {isa = PBXFileReference; lastKnownFileType = audio.mp3; path = voice_countdown_3_pl.mp3; sourceTree = "<group>"; };
		D02D41212EE8E1C2005AE746 /* voice_countdown_go_en.mp3 */ = {isa = PBXFileReference; lastKnownFileType = audio.mp3; path = voice_countdown_go_en.mp3; sourceTree = "<group>"; };
		D02D41222EE8E1C2005AE746 /* voice_countdown_go_pl.mp3 */ = {isa = PBXFileReference; lastKnownFileType = audio.mp3; path = voice_countdown_go_pl.mp3; sourceTree = "<group>"; };
		D02D41232EE8E1C2005AE746 /* voice_verdict_intro_en.mp3 */ = {isa = PBXFileReference; lastKnownFileType = audio.mp3; path = voice_verdict_intro_en.mp3; sourceTree = "<group>"; };
		D02D41242EE8E1C2005AE746 /* voice_verdict_intro_pl.mp3 */ = {isa = PBXFileReference; lastKnownFileType = audio.mp3; path = voice_verdict_intro_pl.mp3; sourceTree = "<group>"; };
		D02D41252EE8E1C2005AE746 /* voice_verdict_suspicious_en.mp3 */ = {isa = PBXFileReference; lastKnownFileType = audio.mp3; path = voice_verdict_suspicious_en.mp3; sourceTree = "<group>"; };
		D02D41262EE8E1C2005AE746 /* voice_verdict_suspicious_pl.mp3 */ = {isa = PBXFileReference; lastKnownFileType = audio.mp3; path = voice_verdict_suspicious_pl.mp3; sourceTree = "<group>"; };
		D02D41272EE8E1C2005AE746 /* voice_verdict_truth_en.mp3 */ = {isa = PBXFileReference; lastKnownFileType = audio.mp3; path = voice_verdict_truth_en.mp3; sourceTree = "<group>"; };
		D02D41282EE8E1C2005AE746 /* voice_verdict_truth_pl.mp3 */ = {isa = PBXFileReference; lastKnownFileType = audio.mp3; path = voice_verdict_truth_pl.mp3; sourceTree = "<group>"; };
		D02D41292EE8E1C2005AE746 /* warning.mp3 */ = {isa = PBXFileReference; lastKnownFileType = audio.mp3; path = warning.mp3; sourceTree = "<group>"; };
		D02D412A2EE8E1C2005AE746 /* whoosh.mp3 */ = {isa = PBXFileReference; lastKnownFileType = audio.mp3; path = whoosh.mp3; sourceTree = "<group>"; };
/* End PBXFileReference section */

/* Begin PBXVariantGroup section */
		A9100021AAAAAAAA00000001 /* Localizable.strings */ = {
			isa = PBXVariantGroup;
			children = (
				A9100026AAAAAAAA00000001 /* en */,
				A9100025AAAAAAAA00000001 /* pl */,
			);
			name = Localizable.strings;
			sourceTree = "<group>";
		};
/* End PBXVariantGroup section */

/* Begin PBXFrameworksBuildPhase section */
		A931A5032EE861AD00541F65 /* Frameworks */ = {
			isa = PBXFrameworksBuildPhase;
			buildActionMask = 2147483647;
			files = (
			);
			runOnlyForDeploymentPostprocessing = 0;
		};
/* End PBXFrameworksBuildPhase section */

/* Begin PBXGroup section */
		A931A4FD2EE861AD00541F65 = {
			isa = PBXGroup;
			children = (
				A9100001AAAAAAAA00000001 /* AppSettings.swift */,
				A9100002AAAAAAAA00000001 /* AudioButton.swift */,
				A9100003AAAAAAAA00000001 /* AudioService.swift */,
				A9100004AAAAAAAA00000001 /* CalibrationCoordinator.swift */,
				A9100005AAAAAAAA00000001 /* CalibrationData.swift */,
				A9100006AAAAAAAA00000001 /* CalibrationFlowView.swift */,
				A9100007AAAAAAAA00000001 /* CalibrationPrepareView.swift */,
				A9100008AAAAAAAA00000001 /* CalibrationQuestionGenerator.swift */,
				A9100009AAAAAAAA00000001 /* CalibrationQuestionView.swift */,
				A910000AAAAAAAAA00000001 /* ContentView.swift */,
				A910000BAAAAAAAA00000001 /* CreatePlayerView.swift */,
				A910000CAAAAAAAA00000001 /* FaceTrackingService.swift */,
				A910000DAAAAAAAA00000001 /* GameQuestionGenerator.swift */,
				A9100032AAAAAAAA00000001 /* GameSetupViews.swift */,
				A9100033AAAAAAAA00000001 /* ManualQuestionSelectionView.swift */,
				A9100030AAAAAAAA00000001 /* QuestionPack.swift */,
				A9100031AAAAAAAA00000001 /* QuestionPackManager.swift */,
				A9100034AAAAAAAA00000001 /* packs.json */,
				D02D410C2EE8E1C2005AE746 /* ambient_menu.mp3 */,
				D02D410D2EE8E1C2005AE746 /* button_tap.mp3 */,
				D02D410E2EE8E1C2005AE746 /* calm_calibration.mp3 */,
				D02D410F2EE8E1C2005AE746 /* countdown.mp3 */,
				D02D41102EE8E1C2005AE746 /* ding.mp3 */,
				D02D41112EE8E1C2005AE746 /* error.mp3 */,
				D02D41122EE8E1C2005AE746 /* pop.mp3 */,
				D02D41132EE8E1C2005AE746 /* reveal.mp3 */,
				D02D41142EE8E1C2005AE746 /* success.mp3 */,
				D02D41152EE8E1C2005AE746 /* suspense.mp3 */,
				D02D41162EE8E1C2005AE746 /* suspense_game.mp3 */,
				D02D41172EE8E1C2005AE746 /* suspicious.mp3 */,
				D02D41182EE8E1C2005AE746 /* tick.mp3 */,
				D02D41192EE8E1C2005AE746 /* truthful.mp3 */,
				D02D411A2EE8E1C2005AE746 /* victory.mp3 */,
				D02D411B2EE8E1C2005AE746 /* voice_countdown_1_en.mp3 */,
				D02D411C2EE8E1C2005AE746 /* voice_countdown_1_pl.mp3 */,
				D02D411D2EE8E1C2005AE746 /* voice_countdown_2_en.mp3 */,
				D02D411E2EE8E1C2005AE746 /* voice_countdown_2_pl.mp3 */,
				D02D411F2EE8E1C2005AE746 /* voice_countdown_3_en.mp3 */,
				D02D41202EE8E1C2005AE746 /* voice_countdown_3_pl.mp3 */,
				D02D41212EE8E1C2005AE746 /* voice_countdown_go_en.mp3 */,
				D02D41222EE8E1C2005AE746 /* voice_countdown_go_pl.mp3 */,
				D02D41232EE8E1C2005AE746 /* voice_verdict_intro_en.mp3 */,
				D02D41242EE8E1C2005AE746 /* voice_verdict_intro_pl.mp3 */,
				D02D41252EE8E1C2005AE746 /* voice_verdict_suspicious_en.mp3 */,
				D02D41262EE8E1C2005AE746 /* voice_verdict_suspicious_pl.mp3 */,
				D02D41272EE8E1C2005AE746 /* voice_verdict_truth_en.mp3 */,
				D02D41282EE8E1C2005AE746 /* voice_verdict_truth_pl.mp3 */,
				D02D41292EE8E1C2005AE746 /* warning.mp3 */,
				D02D412A2EE8E1C2005AE746 /* whoosh.mp3 */,
				A910000EAAAAAAAA00000001 /* GameSession.swift */,
				A910000FAAAAAAAA00000001 /* GameSessionView.swift */,
				A9100010AAAAAAAA00000001 /* GameVerdictView.swift */,
				A9100011AAAAAAAA00000001 /* HotSeatFlowView.swift */,
				A9100012AAAAAAAA00000001 /* HotSeatGameView.swift */,
				A9100013AAAAAAAA00000001 /* HotSeatResultsViews.swift */,
				A9100014AAAAAAAA00000001 /* HotSeatSession.swift */,
				A9100015AAAAAAAA00000001 /* lie_detectApp.swift */,
				A9100016AAAAAAAA00000001 /* LocalizationManager.swift */,
				A9100017AAAAAAAA00000001 /* MainMenuView.swift */,
				A9100018AAAAAAAA00000001 /* PlayAloneFlowView.swift */,
				A9100019AAAAAAAA00000001 /* Player.swift */,
				A910001AAAAAAAAA00000001 /* PlayerDetailView.swift */,
				A910001BAAAAAAAA00000001 /* PlayersListView.swift */,
				A910001CAAAAAAAA00000001 /* PrepareView.swift */,
				A910001DAAAAAAAA00000001 /* SpeechRecognitionService.swift */,
				A910001EAAAAAAAA00000001 /* VerdictRevealView.swift */,
				A910001FAAAAAAAA00000001 /* OnboardingView.swift */,
				A9100020AAAAAAAA00000001 /* Assets.xcassets */,
				A9100021AAAAAAAA00000001 /* Localizable.strings */,
				A9100023AAAAAAAA00000001 /* ARCHITECTURE.md */,
				A9100024AAAAAAAA00000001 /* README.md */,
				A931A5072EE861AD00541F65 /* Products */,
			);
			sourceTree = "<group>";
		};
		A931A5072EE861AD00541F65 /* Products */ = {
			isa = PBXGroup;
			children = (
				A931A5062EE861AD00541F65 /* lie-detect.app */,
			);
			name = Products;
			sourceTree = "<group>";
		};
/* End PBXGroup section */

/* Begin PBXNativeTarget section */
		A931A5052EE861AD00541F65 /* lie-detect */ = {
			isa = PBXNativeTarget;
			buildConfigurationList = A931A5112EE861AE00541F65 /* Build configuration list for PBXNativeTarget "lie-detect" */;
			buildPhases = (
				A931A5022EE861AD00541F65 /* Sources */,
				A931A5032EE861AD00541F65 /* Frameworks */,
				A931A5042EE861AD00541F65 /* Resources */,
			);
			buildRules = (
			);
			dependencies = (
			);
			name = "lie-detect";
			packageProductDependencies = (
			);
			productName = "lie-detect";
			productReference = A931A5062EE861AD00541F65 /* lie-detect.app */;
			productType = "com.apple.product-type.application";
		};
/* End PBXNativeTarget section */

/* Begin PBXProject section */
		A931A4FE2EE861AD00541F65 /* Project object */ = {
			isa = PBXProject;
			attributes = {
				BuildIndependentTargetsInParallel = 1;
				LastSwiftUpdateCheck = 2610;
				LastUpgradeCheck = 2610;
				TargetAttributes = {
					A931A5052EE861AD00541F65 = {
						CreatedOnToolsVersion = 26.1.1;
					};
				};
			};
			buildConfigurationList = A931A5012EE861AD00541F65 /* Build configuration list for PBXProject "lie-detect" */;
			developmentRegion = en;
			hasScannedForEncodings = 0;
			knownRegions = (
				en,
				Base,
				pl,
			);
			mainGroup = A931A4FD2EE861AD00541F65;
			minimizedProjectReferenceProxies = 1;
			preferredProjectObjectVersion = 77;
			productRefGroup = A931A5072EE861AD00541F65 /* Products */;
			projectDirPath = "";
			projectRoot = "";
			targets = (
				A931A5052EE861AD00541F65 /* lie-detect */,
			);
		};
/* End PBXProject section */

/* Begin PBXResourcesBuildPhase section */
		A931A5042EE861AD00541F65 /* Resources */ = {
			isa = PBXResourcesBuildPhase;
			buildActionMask = 2147483647;
			files = (
				A9000020AAAAAAAA00000001 /* Assets.xcassets in Resources */,
				D02D412B2EE8E1C2005AE746 /* ding.mp3 in Resources */,
				D02D412C2EE8E1C2005AE746 /* voice_verdict_intro_en.mp3 in Resources */,
				D02D412D2EE8E1C2005AE746 /* error.mp3 in Resources */,
				D02D412E2EE8E1C2005AE746 /* voice_countdown_2_pl.mp3 in Resources */,
				D02D412F2EE8E1C2005AE746 /* reveal.mp3 in Resources */,
				D02D41302EE8E1C2005AE746 /* pop.mp3 in Resources */,
				D02D41312EE8E1C2005AE746 /* calm_calibration.mp3 in Resources */,
				D02D41322EE8E1C2005AE746 /* voice_countdown_go_pl.mp3 in Resources */,
				D02D41332EE8E1C2005AE746 /* ambient_menu.mp3 in Resources */,
				D02D41342EE8E1C2005AE746 /* countdown.mp3 in Resources */,
				D02D41352EE8E1C2005AE746 /* voice_verdict_intro_pl.mp3 in Resources */,
				D02D41362EE8E1C2005AE746 /* voice_countdown_3_en.mp3 in Resources */,
				D02D41372EE8E1C2005AE746 /* tick.mp3 in Resources */,
				D02D41382EE8E1C2005AE746 /* voice_verdict_suspicious_en.mp3 in Resources */,
				D02D41392EE8E1C2005AE746 /* voice_countdown_1_pl.mp3 in Resources */,
				D02D413A2EE8E1C2005AE746 /* voice_countdown_go_en.mp3 in Resources */,
				D02D413B2EE8E1C2005AE746 /* suspicious.mp3 in Resources */,
				D02D413C2EE8E1C2005AE746 /* warning.mp3 in Resources */,
				D02D413D2EE8E1C2005AE746 /* voice_countdown_2_en.mp3 in Resources */,
				D02D413E2EE8E1C2005AE746 /* voice_verdict_suspicious_pl.mp3 in Resources */,
				D02D413F2EE8E1C2005AE746 /* suspense_game.mp3 in Resources */,
				D02D41402EE8E1C2005AE746 /* whoosh.mp3 in Resources */,
				D02D41412EE8E1C2005AE746 /* suspense.mp3 in Resources */,
				D02D41422EE8E1C2005AE746 /* voice_verdict_truth_pl.mp3 in Resources */,
				D02D41432EE8E1C2005AE746 /* voice_countdown_3_pl.mp3 in Resources */,
				D02D41442EE8E1C2005AE746 /* button_tap.mp3 in Resources */,
				D02D41452EE8E1C2005AE746 /* success.mp3 in Resources */,
				D02D41462EE8E1C2005AE746 /* voice_verdict_truth_en.mp3 in Resources */,
				D02D41472EE8E1C2005AE746 /* voice_countdown_1_en.mp3 in Resources */,
				D02D41482EE8E1C2005AE746 /* truthful.mp3 in Resources */,
				D02D41492EE8E1C2005AE746 /* victory.mp3 in Resources */,
				A9000021AAAAAAAA00000001 /* Localizable.strings in Resources */,
				A9000034AAAAAAAA00000001 /* packs.json in Resources */,
			);
			runOnlyForDeploymentPostprocessing = 0;
		};
/* End PBXResourcesBuildPhase section */

/* Begin PBXSourcesBuildPhase section */
		A931A5022EE861AD00541F65 /* Sources */ = {
			isa = PBXSourcesBuildPhase;
			buildActionMask = 2147483647;
			files = (
				A9000001AAAAAAAA00000001 /* AppSettings.swift in Sources */,
				A9000002AAAAAAAA00000001 /* AudioButton.swift in Sources */,
				A9000003AAAAAAAA00000001 /* AudioService.swift in Sources */,
				A9000004AAAAAAAA00000001 /* CalibrationCoordinator.swift in Sources */,
				A9000005AAAAAAAA00000001 /* CalibrationData.swift in Sources */,
				A9000006AAAAAAAA00000001 /* CalibrationFlowView.swift in Sources */,
				A9000007AAAAAAAA00000001 /* CalibrationPrepareView.swift in Sources */,
				A9000008AAAAAAAA00000001 /* CalibrationQuestionGenerator.swift in Sources */,
				A9000009AAAAAAAA00000001 /* CalibrationQuestionView.swift in Sources */,
				A900000AAAAAAAAA00000001 /* ContentView.swift in Sources */,
				A900000BAAAAAAAA00000001 /* CreatePlayerView.swift in Sources */,
				A900000CAAAAAAAA00000001 /* FaceTrackingService.swift in Sources */,
				A900000DAAAAAAAA00000001 /* GameQuestionGenerator.swift in Sources */,
				A900000EAAAAAAAA00000001 /* GameSession.swift in Sources */,
				A900000FAAAAAAAA00000001 /* GameSessionView.swift in Sources */,
				A9000010AAAAAAAA00000001 /* GameVerdictView.swift in Sources */,
				A9000011AAAAAAAA00000001 /* HotSeatFlowView.swift in Sources */,
				A9000012AAAAAAAA00000001 /* HotSeatGameView.swift in Sources */,
				A9000013AAAAAAAA00000001 /* HotSeatResultsViews.swift in Sources */,
				A9000014AAAAAAAA00000001 /* HotSeatSession.swift in Sources */,
				A9000015AAAAAAAA00000001 /* lie_detectApp.swift in Sources */,
				A9000016AAAAAAAA00000001 /* LocalizationManager.swift in Sources */,
				A9000017AAAAAAAA00000001 /* MainMenuView.swift in Sources */,
				A9000018AAAAAAAA00000001 /* PlayAloneFlowView.swift in Sources */,
				A9000019AAAAAAAA00000001 /* Player.swift in Sources */,
				A900001AAAAAAAAA00000001 /* PlayerDetailView.swift in Sources */,
				A900001BAAAAAAAA00000001 /* PlayersListView.swift in Sources */,
				A900001CAAAAAAAA00000001 /* PrepareView.swift in Sources */,
				A900001DAAAAAAAA00000001 /* SpeechRecognitionService.swift in Sources */,
				A900001EAAAAAAAA00000001 /* VerdictRevealView.swift in Sources */,
				A900001FAAAAAAAA00000001 /* OnboardingView.swift in Sources */,
				A9000030AAAAAAAA00000001 /* QuestionPack.swift in Sources */,
				A9000031AAAAAAAA00000001 /* QuestionPackManager.swift in Sources */,
				A9000032AAAAAAAA00000001 /* GameSetupViews.swift in Sources */,
				A9000033AAAAAAAA00000001 /* ManualQuestionSelectionView.swift in Sources */,
			);
			runOnlyForDeploymentPostprocessing = 0;
		};
/* End PBXSourcesBuildPhase section */

/* Begin XCBuildConfiguration section */
		A931A50F2EE861AE00541F65 /* Debug */ = {
			isa = XCBuildConfiguration;
			buildSettings = {
				ALWAYS_SEARCH_USER_PATHS = NO;
				ASSETCATALOG_COMPILER_GENERATE_SWIFT_ASSET_SYMBOL_EXTENSIONS = YES;
				CLANG_ANALYZER_NONNULL = YES;
				CLANG_ANALYZER_NUMBER_OBJECT_CONVERSION = YES_AGGRESSIVE;
				CLANG_CXX_LANGUAGE_STANDARD = "gnu++20";
				CLANG_ENABLE_MODULES = YES;
				CLANG_ENABLE_OBJC_ARC = YES;
				CLANG_ENABLE_OBJC_WEAK = YES;
				CLANG_WARN_BLOCK_CAPTURE_AUTORELEASING = YES;
				CLANG_WARN_BOOL_CONVERSION = YES;
				CLANG_WARN_COMMA = YES;
				CLANG_WARN_CONSTANT_CONVERSION = YES;
				CLANG_WARN_DEPRECATED_OBJC_IMPLEMENTATIONS = YES;
				CLANG_WARN_DIRECT_OBJC_ISA_USAGE = YES_ERROR;
				CLANG_WARN_DOCUMENTATION_COMMENTS = YES;
				CLANG_WARN_EMPTY_BODY = YES;
				CLANG_WARN_ENUM_CONVERSION = YES;
				CLANG_WARN_INFINITE_RECURSION = YES;
				CLANG_WARN_INT_CONVERSION = YES;
				CLANG_WARN_NON_LITERAL_NULL_CONVERSION = YES;
				CLANG_WARN_OBJC_IMPLICIT_RETAIN_SELF = YES;
				CLANG_WARN_OBJC_LITERAL_CONVERSION = YES;
				CLANG_WARN_OBJC_ROOT_CLASS = YES_ERROR;
				CLANG_WARN_QUOTED_INCLUDE_IN_FRAMEWORK_HEADER = YES;
				CLANG_WARN_RANGE_LOOP_ANALYSIS = YES;
				CLANG_WARN_STRICT_PROTOTYPES = YES;
				CLANG_WARN_SUSPICIOUS_MOVE = YES;
				CLANG_WARN_UNGUARDED_AVAILABILITY = YES_AGGRESSIVE;
				CLANG_WARN_UNREACHABLE_CODE = YES;
				CLANG_WARN__DUPLICATE_METHOD_MATCH = YES;
				COPY_PHASE_STRIP = NO;
				DEBUG_INFORMATION_FORMAT = dwarf;
				DEVELOPMENT_TEAM = VZ6X9UP2DH;
				ENABLE_STRICT_OBJC_MSGSEND = YES;
				ENABLE_TESTABILITY = YES;
				ENABLE_USER_SCRIPT_SANDBOXING = YES;
				GCC_C_LANGUAGE_STANDARD = gnu17;
				GCC_DYNAMIC_NO_PIC = NO;
				GCC_NO_COMMON_BLOCKS = YES;
				GCC_OPTIMIZATION_LEVEL = 0;
				GCC_PREPROCESSOR_DEFINITIONS = (
					"DEBUG=1",
					"$(inherited)",
				);
				GCC_WARN_64_TO_32_BIT_CONVERSION = YES;
				GCC_WARN_ABOUT_RETURN_TYPE = YES_ERROR;
				GCC_WARN_UNDECLARED_SELECTOR = YES;
				GCC_WARN_UNINITIALIZED_AUTOS = YES_AGGRESSIVE;
				GCC_WARN_UNUSED_FUNCTION = YES;
				GCC_WARN_UNUSED_VARIABLE = YES;
				IPHONEOS_DEPLOYMENT_TARGET = 26.0;
				LOCALIZATION_PREFERS_STRING_CATALOGS = YES;
				MTL_ENABLE_DEBUG_INFO = INCLUDE_SOURCE;
				MTL_FAST_MATH = YES;
				ONLY_ACTIVE_ARCH = YES;
				SDKROOT = iphoneos;
				SWIFT_ACTIVE_COMPILATION_CONDITIONS = "DEBUG $(inherited)";
				SWIFT_OPTIMIZATION_LEVEL = "-Onone";
			};
			name = Debug;
		};
		A931A5102EE861AE00541F65 /* Release */ = {
			isa = XCBuildConfiguration;
			buildSettings = {
				ALWAYS_SEARCH_USER_PATHS = NO;
				ASSETCATALOG_COMPILER_GENERATE_SWIFT_ASSET_SYMBOL_EXTENSIONS = YES;
				CLANG_ANALYZER_NONNULL = YES;
				CLANG_ANALYZER_NUMBER_OBJECT_CONVERSION = YES_AGGRESSIVE;
				CLANG_CXX_LANGUAGE_STANDARD = "gnu++20";
				CLANG_ENABLE_MODULES = YES;
				CLANG_ENABLE_OBJC_ARC = YES;
				CLANG_ENABLE_OBJC_WEAK = YES;
				CLANG_WARN_BLOCK_CAPTURE_AUTORELEASING = YES;
				CLANG_WARN_BOOL_CONVERSION = YES;
				CLANG_WARN_COMMA = YES;
				CLANG_WARN_CONSTANT_CONVERSION = YES;
				CLANG_WARN_DEPRECATED_OBJC_IMPLEMENTATIONS = YES;
				CLANG_WARN_DIRECT_OBJC_ISA_USAGE = YES_ERROR;
				CLANG_WARN_DOCUMENTATION_COMMENTS = YES;
				CLANG_WARN_EMPTY_BODY = YES;
				CLANG_WARN_ENUM_CONVERSION = YES;
				CLANG_WARN_INFINITE_RECURSION = YES;
				CLANG_WARN_INT_CONVERSION = YES;
				CLANG_WARN_NON_LITERAL_NULL_CONVERSION = YES;
				CLANG_WARN_OBJC_IMPLICIT_RETAIN_SELF = YES;
				CLANG_WARN_OBJC_LITERAL_CONVERSION = YES;
				CLANG_WARN_OBJC_ROOT_CLASS = YES_ERROR;
				CLANG_WARN_QUOTED_INCLUDE_IN_FRAMEWORK_HEADER = YES;
				CLANG_WARN_RANGE_LOOP_ANALYSIS = YES;
				CLANG_WARN_STRICT_PROTOTYPES = YES;
				CLANG_WARN_SUSPICIOUS_MOVE = YES;
				CLANG_WARN_UNGUARDED_AVAILABILITY = YES_AGGRESSIVE;
				CLANG_WARN_UNREACHABLE_CODE = YES;
				CLANG_WARN__DUPLICATE_METHOD_MATCH = YES;
				COPY_PHASE_STRIP = NO;
				DEBUG_INFORMATION_FORMAT = "dwarf-with-dsym";
				DEVELOPMENT_TEAM = VZ6X9UP2DH;
				ENABLE_NS_ASSERTIONS = NO;
				ENABLE_STRICT_OBJC_MSGSEND = YES;
				ENABLE_USER_SCRIPT_SANDBOXING = YES;
				GCC_C_LANGUAGE_STANDARD = gnu17;
				GCC_NO_COMMON_BLOCKS = YES;
				GCC_WARN_64_TO_32_BIT_CONVERSION = YES;
				GCC_WARN_ABOUT_RETURN_TYPE = YES_ERROR;
				GCC_WARN_UNDECLARED_SELECTOR = YES;
				GCC_WARN_UNINITIALIZED_AUTOS = YES_AGGRESSIVE;
				GCC_WARN_UNUSED_FUNCTION = YES;
				GCC_WARN_UNUSED_VARIABLE = YES;
				IPHONEOS_DEPLOYMENT_TARGET = 26.0;
				LOCALIZATION_PREFERS_STRING_CATALOGS = YES;
				MTL_ENABLE_DEBUG_INFO = NO;
				MTL_FAST_MATH = YES;
				SDKROOT = iphoneos;
				SWIFT_COMPILATION_MODE = wholemodule;
				VALIDATE_PRODUCT = YES;
			};
			name = Release;
		};
		A931A5122EE861AE00541F65 /* Debug */ = {
			isa = XCBuildConfiguration;
			buildSettings = {
				ASSETCATALOG_COMPILER_APPICON_NAME = AppIcon;
				ASSETCATALOG_COMPILER_GLOBAL_ACCENT_COLOR_NAME = AccentColor;
				CODE_SIGN_STYLE = Automatic;
				CURRENT_PROJECT_VERSION = 1;
				DEVELOPMENT_TEAM = VZ6X9UP2DH;
				ENABLE_PREVIEWS = YES;
				GENERATE_INFOPLIST_FILE = YES;
				INFOPLIST_KEY_LSApplicationCategoryType = "public.app-category.trivia-games";
				INFOPLIST_KEY_NSCameraUsageDescription = "We use the camera to analyze your face during the game";
				INFOPLIST_KEY_NSMicrophoneUsageDescription = "We use the microphone to recognize your yes or no answers";
				INFOPLIST_KEY_NSSpeechRecognitionUsageDescription = "We use speech recognition to analyze your answers";
				INFOPLIST_KEY_UIApplicationSceneManifest_Generation = YES;
				INFOPLIST_KEY_UIApplicationSupportsIndirectInputEvents = YES;
				INFOPLIST_KEY_UILaunchScreen_Generation = YES;
				INFOPLIST_KEY_UISupportedInterfaceOrientations_iPad = "UIInterfaceOrientationPortrait UIInterfaceOrientationPortraitUpsideDown UIInterfaceOrientationLandscapeLeft UIInterfaceOrientationLandscapeRight";
				INFOPLIST_KEY_UISupportedInterfaceOrientations_iPhone = "UIInterfaceOrientationPortrait UIInterfaceOrientationLandscapeLeft UIInterfaceOrientationLandscapeRight";
				LD_RUNPATH_SEARCH_PATHS = (
					"$(inherited)",
					"@executable_path/Frameworks",
				);
				MARKETING_VERSION = 1.0;
				PRODUCT_BUNDLE_IDENTIFIER = "ainjaapp.lie-detect";
				PRODUCT_NAME = "$(TARGET_NAME)";
				SWIFT_EMIT_LOC_STRINGS = YES;
				SWIFT_VERSION = 5.0;
				TARGETED_DEVICE_FAMILY = "1,2";
			};
			name = Debug;
		};
		A931A5132EE861AE00541F65 /* Release */ = {
			isa = XCBuildConfiguration;
			buildSettings = {
				ASSETCATALOG_COMPILER_APPICON_NAME = AppIcon;
				ASSETCATALOG_COMPILER_GLOBAL_ACCENT_COLOR_NAME = AccentColor;
				CODE_SIGN_STYLE = Automatic;
				CURRENT_PROJECT_VERSION = 1;
				DEVELOPMENT_TEAM = VZ6X9UP2DH;
				ENABLE_PREVIEWS = YES;
				GENERATE_INFOPLIST_FILE = YES;
				INFOPLIST_KEY_LSApplicationCategoryType = "public.app-category.trivia-games";
				INFOPLIST_KEY_NSCameraUsageDescription = "We use the camera to analyze your face during the game";
				INFOPLIST_KEY_NSMicrophoneUsageDescription = "We use the microphone to recognize your yes or no answers";
				INFOPLIST_KEY_NSSpeechRecognitionUsageDescription = "We use speech recognition to analyze your answers";
				INFOPLIST_KEY_UIApplicationSceneManifest_Generation = YES;
				INFOPLIST_KEY_UIApplicationSupportsIndirectInputEvents = YES;
				INFOPLIST_KEY_UILaunchScreen_Generation = YES;
				INFOPLIST_KEY_UISupportedInterfaceOrientations_iPad = "UIInterfaceOrientationPortrait UIInterfaceOrientationPortraitUpsideDown UIInterfaceOrientationLandscapeLeft UIInterfaceOrientationLandscapeRight";
				INFOPLIST_KEY_UISupportedInterfaceOrientations_iPhone = "UIInterfaceOrientationPortrait UIInterfaceOrientationLandscapeLeft UIInterfaceOrientationLandscapeRight";
				LD_RUNPATH_SEARCH_PATHS = (
					"$(inherited)",
					"@executable_path/Frameworks",
				);
				MARKETING_VERSION = 1.0;
				PRODUCT_BUNDLE_IDENTIFIER = "ainjaapp.lie-detect";
				PRODUCT_NAME = "$(TARGET_NAME)";
				SWIFT_EMIT_LOC_STRINGS = YES;
				SWIFT_VERSION = 5.0;
				TARGETED_DEVICE_FAMILY = "1,2";
			};
			name = Release;
		};
/* End XCBuildConfiguration section */

/* Begin XCConfigurationList section */
		A931A5012EE861AD00541F65 /* Build configuration list for PBXProject "lie-detect" */ = {
			isa = XCConfigurationList;
			buildConfigurations = (
				A931A50F2EE861AE00541F65 /* Debug */,
				A931A5102EE861AE00541F65 /* Release */,
			);
			defaultConfigurationIsVisible = 0;
			defaultConfigurationName = Release;
		};
		A931A5112EE861AE00541F65 /* Build configuration list for PBXNativeTarget "lie-detect" */ = {
			isa = XCConfigurationList;
			buildConfigurations = (
				A931A5122EE861AE00541F65 /* Debug */,
				A931A5132EE861AE00541F65 /* Release */,
			);
			defaultConfigurationIsVisible = 0;
			defaultConfigurationName = Release;
		};
/* End XCConfigurationList section */
	};
	rootObject = A931A4FE2EE861AD00541F65 /* Project object */;
}
